{
  "lockfileVersion": 1,
  "configVersion": 1,
  "workspaces": {
    "": {
      "name": "@maptalks/3d-tiles-utils",
      "dependencies": {
        "fflate": "^0.8.2",
      },
      "devDependencies": {
        "@bunit/build": "^0.0.7",
        "@types/bun": "latest",
      },
      "peerDependencies": {
        "typescript": "^5",
      },
    },
  },
  "packages": {
    "@bunit/build": ["@bunit/build@0.0.7", "https://registry.npmmirror.com/@bunit/build/-/build-0.0.7.tgz", { "dependencies": { "c12": "4.0.0-beta.4", "citty": "0.2.1", "consola": "3.4.2", "defu": "6.1.4", "pathe": "2.0.3", "pkg-types": "^2.3.0", "pretty-bytes": "7.1.0", "unplugin-isolated-decl": "0.15.7", "unplugin-oxc": "^0.6.0" }, "bin": { "built": "dist/cli.mjs" } }, "sha512-OiZnO7jimD8LS60YGTozkD4ynJdQ4mmqRe3UT6UlceLoz+h3EgJrs9t8ohqZavO67r9KG6AJgHPoUAjzK7s3mg=="],

    "@emnapi/core": ["@emnapi/core@1.9.2", "https://registry.npmmirror.com/@emnapi/core/-/core-1.9.2.tgz", { "dependencies": { "@emnapi/wasi-threads": "1.2.1", "tslib": "^2.4.0" } }, "sha512-UC+ZhH3XtczQYfOlu3lNEkdW/p4dsJ1r/bP7H8+rhao3TTTMO1ATq/4DdIi23XuGoFY+Cz0JmCbdVl0hz9jZcA=="],

    "@emnapi/runtime": ["@emnapi/runtime@1.9.2", "https://registry.npmmirror.com/@emnapi/runtime/-/runtime-1.9.2.tgz", { "dependencies": { "tslib": "^2.4.0" } }, "sha512-3U4+MIWHImeyu1wnmVygh5WlgfYDtyf0k8AbLhMFxOipihf6nrWC4syIm/SwEeec0mNSafiiNnMJwbza/Is6Lw=="],

    "@emnapi/wasi-threads": ["@emnapi/wasi-threads@1.2.1", "https://registry.npmmirror.com/@emnapi/wasi-threads/-/wasi-threads-1.2.1.tgz", { "dependencies": { "tslib": "^2.4.0" } }, "sha512-uTII7OYF+/Mes/MrcIOYp5yOtSMLBWSIoLPpcgwipoiKbli6k322tcoFsxoIIxPDqW01SQGAgko4EzZi2BNv2w=="],

    "@jridgewell/gen-mapping": ["@jridgewell/gen-mapping@0.3.13", "https://registry.npmmirror.com/@jridgewell/gen-mapping/-/gen-mapping-0.3.13.tgz", { "dependencies": { "@jridgewell/sourcemap-codec": "^1.5.0", "@jridgewell/trace-mapping": "^0.3.24" } }, "sha512-2kkt/7niJ6MgEPxF0bYdQ6etZaA+fQvDcLKckhy1yIQOzaoKjBBjSj63/aLVjYE3qhRt5dvM+uUyfCg6UKCBbA=="],

    "@jridgewell/remapping": ["@jridgewell/remapping@2.3.5", "https://registry.npmmirror.com/@jridgewell/remapping/-/remapping-2.3.5.tgz", { "dependencies": { "@jridgewell/gen-mapping": "^0.3.5", "@jridgewell/trace-mapping": "^0.3.24" } }, "sha512-LI9u/+laYG4Ds1TDKSJW2YPrIlcVYOwi2fUC6xB43lueCjgxV4lffOCZCtYFiH6TNOX+tQKXx97T4IKHbhyHEQ=="],

    "@jridgewell/resolve-uri": ["@jridgewell/resolve-uri@3.1.2", "https://registry.npmmirror.com/@jridgewell/resolve-uri/-/resolve-uri-3.1.2.tgz", {}, "sha512-bRISgCIjP20/tbWSPWMEi54QVPRZExkuD9lJL+UIxUKtwVJA8wW1Trb1jMs1RFXo1CBTNZ/5hpC9QvmKWdopKw=="],

    "@jridgewell/sourcemap-codec": ["@jridgewell/sourcemap-codec@1.5.5", "https://registry.npmmirror.com/@jridgewell/sourcemap-codec/-/sourcemap-codec-1.5.5.tgz", {}, "sha512-cYQ9310grqxueWbl+WuIUIaiUaDcj7WOq5fVhEljNVgRfOUhY9fy2zTvfoqWsnebh8Sl70VScFbICvJnLKB0Og=="],

    "@jridgewell/trace-mapping": ["@jridgewell/trace-mapping@0.3.31", "https://registry.npmmirror.com/@jridgewell/trace-mapping/-/trace-mapping-0.3.31.tgz", { "dependencies": { "@jridgewell/resolve-uri": "^3.1.0", "@jridgewell/sourcemap-codec": "^1.4.14" } }, "sha512-zzNR+SdQSDJzc8joaeP8QQoCQr8NuYx2dIIytl1QeBEZHJ9uW6hebsrYgbz8hJwUQao3TWCMtmfV8Nu1twOLAw=="],

    "@napi-rs/wasm-runtime": ["@napi-rs/wasm-runtime@1.1.3", "https://registry.npmmirror.com/@napi-rs/wasm-runtime/-/wasm-runtime-1.1.3.tgz", { "dependencies": { "@tybys/wasm-util": "^0.10.1" }, "peerDependencies": { "@emnapi/core": "^1.7.1", "@emnapi/runtime": "^1.7.1" } }, "sha512-xK9sGVbJWYb08+mTJt3/YV24WxvxpXcXtP6B172paPZ+Ts69Re9dAr7lKwJoeIx8OoeuimEiRZ7umkiUVClmmQ=="],

    "@oxc-minify/binding-android-arm-eabi": ["@oxc-minify/binding-android-arm-eabi@0.125.0", "https://registry.npmmirror.com/@oxc-minify/binding-android-arm-eabi/-/binding-android-arm-eabi-0.125.0.tgz", { "os": "android", "cpu": "arm" }, "sha512-ZgtxGA/5dkYPTyXYr2lK1q0tAT6ZXEULSf59hZ8hc2PuYSaVVaQQsIDO1BomLMD+gOzcPMZb8ofzNrD3F4DB5A=="],

    "@oxc-minify/binding-android-arm64": ["@oxc-minify/binding-android-arm64@0.125.0", "https://registry.npmmirror.com/@oxc-minify/binding-android-arm64/-/binding-android-arm64-0.125.0.tgz", { "os": "android", "cpu": "arm64" }, "sha512-1o2A9ZdVUdEAszP6MZ5Op6hkgFBzqFz6ux/Tqxf+WGCT6fljCiW5f8gIkHBB2Q8IYfrCtb0vMD7tfpmmLdl/iQ=="],

    "@oxc-minify/binding-darwin-arm64": ["@oxc-minify/binding-darwin-arm64@0.125.0", "https://registry.npmmirror.com/@oxc-minify/binding-darwin-arm64/-/binding-darwin-arm64-0.125.0.tgz", { "os": "darwin", "cpu": "arm64" }, "sha512-tez+f838Gw+TJAdbxf1fIa4l2paDsuZ42CAMimJuKarGIP9wUxVa7jh5M5nskQR6a+6lERFpARWQzgntVLw+Yw=="],

    "@oxc-minify/binding-darwin-x64": ["@oxc-minify/binding-darwin-x64@0.125.0", "https://registry.npmmirror.com/@oxc-minify/binding-darwin-x64/-/binding-darwin-x64-0.125.0.tgz", { "os": "darwin", "cpu": "x64" }, "sha512-Atf1RYU2pwdGgJim6JBf8k6dReWRJhkLl0a1ZZPsd2k8Bl1ngGkJ3ywsJFZbifKmXerow8I3Dsa273fjNly1cQ=="],

    "@oxc-minify/binding-freebsd-x64": ["@oxc-minify/binding-freebsd-x64@0.125.0", "https://registry.npmmirror.com/@oxc-minify/binding-freebsd-x64/-/binding-freebsd-x64-0.125.0.tgz", { "os": "freebsd", "cpu": "x64" }, "sha512-0BvIR9OsMQZOCT9LYIsP/0leQXjBe8w2rTSS2H4LISMC7PFGz6iRsU6vttjwnnvH3rowBc2eniOEtUsNbNDvKg=="],

    "@oxc-minify/binding-linux-arm-gnueabihf": ["@oxc-minify/binding-linux-arm-gnueabihf@0.125.0", "https://registry.npmmirror.com/@oxc-minify/binding-linux-arm-gnueabihf/-/binding-linux-arm-gnueabihf-0.125.0.tgz", { "os": "linux", "cpu": "arm" }, "sha512-mkrBEVh9gRpTV01W/mF+yFe4D6itsFedDtnr+Ymx9tGFYzAmzpuprRzrYup/YI45sN6Js55ZMja0AB8h9AWeuQ=="],

    "@oxc-minify/binding-linux-arm-musleabihf": ["@oxc-minify/binding-linux-arm-musleabihf@0.125.0", "https://registry.npmmirror.com/@oxc-minify/binding-linux-arm-musleabihf/-/binding-linux-arm-musleabihf-0.125.0.tgz", { "os": "linux", "cpu": "arm" }, "sha512-beVMSc1Z+aGXpm/A+jT9KCq3SQ1ymABHFbcRqjYA3KdE3RPKk1dc0SlGZ/xO+elw9Jsf1i8UTgvSKLVGyv7w5g=="],

    "@oxc-minify/binding-linux-arm64-gnu": ["@oxc-minify/binding-linux-arm64-gnu@0.125.0", "https://registry.npmmirror.com/@oxc-minify/binding-linux-arm64-gnu/-/binding-linux-arm64-gnu-0.125.0.tgz", { "os": "linux", "cpu": "arm64" }, "sha512-3s0L6l+5P10Z6YBVvZqDZDhXNCImadI/TrEs9yfUu7RH8SvPu5clPVawkYqo2Du9ZlSlcEU2cT+pcTl0dQiSAA=="],

    "@oxc-minify/binding-linux-arm64-musl": ["@oxc-minify/binding-linux-arm64-musl@0.125.0", "https://registry.npmmirror.com/@oxc-minify/binding-linux-arm64-musl/-/binding-linux-arm64-musl-0.125.0.tgz", { "os": "linux", "cpu": "arm64" }, "sha512-A1EpHjDPNc+67TMoU/KdIhwLEl8Zyq4VCbg4kntPEMPT80nF6lBYKoWQpFWsKcEmYQR61x59CTs+9738fssy+A=="],

    "@oxc-minify/binding-linux-ppc64-gnu": ["@oxc-minify/binding-linux-ppc64-gnu@0.125.0", "https://registry.npmmirror.com/@oxc-minify/binding-linux-ppc64-gnu/-/binding-linux-ppc64-gnu-0.125.0.tgz", { "os": "linux", "cpu": "ppc64" }, "sha512-ljNsvldyJFKD2YUcqe+oY+cBurz1LQdicF0Kf2YLZRw2ecylthabfBCo0++zywDRbmq/FNQbJLe8ZEdsK4snuQ=="],

    "@oxc-minify/binding-linux-riscv64-gnu": ["@oxc-minify/binding-linux-riscv64-gnu@0.125.0", "https://registry.npmmirror.com/@oxc-minify/binding-linux-riscv64-gnu/-/binding-linux-riscv64-gnu-0.125.0.tgz", { "os": "linux", "cpu": "none" }, "sha512-8wymgi60u0VLHh1IZV14Vb9D4j80eNEFK2QmITpB2+gdcSAiPPXGiBJtAcAL7nMkH8vXa2QPWgKujenaiLtuoA=="],

    "@oxc-minify/binding-linux-riscv64-musl": ["@oxc-minify/binding-linux-riscv64-musl@0.125.0", "https://registry.npmmirror.com/@oxc-minify/binding-linux-riscv64-musl/-/binding-linux-riscv64-musl-0.125.0.tgz", { "os": "linux", "cpu": "none" }, "sha512-b1Ou3jteYcpm0SMfJlO9Scvst//QD8l8uoDQDQK09H3OSht3H0fhSD91OQNC1Y7UqAGGFzgxHic8dHtZ6seyXw=="],

    "@oxc-minify/binding-linux-s390x-gnu": ["@oxc-minify/binding-linux-s390x-gnu@0.125.0", "https://registry.npmmirror.com/@oxc-minify/binding-linux-s390x-gnu/-/binding-linux-s390x-gnu-0.125.0.tgz", { "os": "linux", "cpu": "s390x" }, "sha512-cSnl+Z/tzTbQPLAMGiXeyeE1Yr0oOb3czTQrPd/deQUH3jVQ1QD4A57Wz8xMF4TEOcdyzi6TYaZ7RIGe5pEqqw=="],

    "@oxc-minify/binding-linux-x64-gnu": ["@oxc-minify/binding-linux-x64-gnu@0.125.0", "https://registry.npmmirror.com/@oxc-minify/binding-linux-x64-gnu/-/binding-linux-x64-gnu-0.125.0.tgz", { "os": "linux", "cpu": "x64" }, "sha512-IDahOBkZFeMIlHOpZBKXOeUTg2tDFDfFZd7OgL1wsfAwBxl4buVwsaNkWweiF6BMkL8lcNphUi0B4eZzb7Js4w=="],

    "@oxc-minify/binding-linux-x64-musl": ["@oxc-minify/binding-linux-x64-musl@0.125.0", "https://registry.npmmirror.com/@oxc-minify/binding-linux-x64-musl/-/binding-linux-x64-musl-0.125.0.tgz", { "os": "linux", "cpu": "x64" }, "sha512-O0eEhMp8NdNWXd00KWdoBKNMFeHHf8CIF96J4NCjyhDwEBsPdbW8JSpAH8YTAxpJajq87DJP0culNcCm/96y4g=="],

    "@oxc-minify/binding-openharmony-arm64": ["@oxc-minify/binding-openharmony-arm64@0.125.0", "https://registry.npmmirror.com/@oxc-minify/binding-openharmony-arm64/-/binding-openharmony-arm64-0.125.0.tgz", { "os": "none", "cpu": "arm64" }, "sha512-78xXtK9T/NfGLG9L3olsCaaSf5iVZBXdp/YYfTCpYrEZuXGPDM9arkTchrrwuJcAJcLDNsKmSPK+g/PPRztETA=="],

    "@oxc-minify/binding-wasm32-wasi": ["@oxc-minify/binding-wasm32-wasi@0.125.0", "https://registry.npmmirror.com/@oxc-minify/binding-wasm32-wasi/-/binding-wasm32-wasi-0.125.0.tgz", { "dependencies": { "@emnapi/core": "1.9.2", "@emnapi/runtime": "1.9.2", "@napi-rs/wasm-runtime": "^1.1.3" }, "cpu": "none" }, "sha512-nByxlScJnkkC0FPCQYb46jHyz20slevimdZKfOwQIlqmykshnYHSwxNziJG1SUWiTfuL5gHaIztEW+0OjaIrwA=="],

    "@oxc-minify/binding-win32-arm64-msvc": ["@oxc-minify/binding-win32-arm64-msvc@0.125.0", "https://registry.npmmirror.com/@oxc-minify/binding-win32-arm64-msvc/-/binding-win32-arm64-msvc-0.125.0.tgz", { "os": "win32", "cpu": "arm64" }, "sha512-c7uUkgK9tm7mdACPFFDdmgvYmNSwpJ1Z9bC3Q7tJrA0OIcTe7kGxudHxvseUpWyXCtDSjIumVxw+QhOHbSPLTg=="],

    "@oxc-minify/binding-win32-ia32-msvc": ["@oxc-minify/binding-win32-ia32-msvc@0.125.0", "https://registry.npmmirror.com/@oxc-minify/binding-win32-ia32-msvc/-/binding-win32-ia32-msvc-0.125.0.tgz", { "os": "win32", "cpu": "ia32" }, "sha512-/iHSLFliDybCsfAzW2owR0r6rwagP/pS/II/ZnoVoYnweNGdpgvEaeFzLm+GEcapEdz0mhrz7f7A+FCn8EhvmQ=="],

    "@oxc-minify/binding-win32-x64-msvc": ["@oxc-minify/binding-win32-x64-msvc@0.125.0", "https://registry.npmmirror.com/@oxc-minify/binding-win32-x64-msvc/-/binding-win32-x64-msvc-0.125.0.tgz", { "os": "win32", "cpu": "x64" }, "sha512-5svxnWmQ2rhGpc3QOUv4aI4BoNZQZflKoABtujRoPau4U93Gv62lzid5dNUhNfy6c7N/cUEcfgcQ27T68lFipg=="],

    "@oxc-parser/binding-android-arm-eabi": ["@oxc-parser/binding-android-arm-eabi@0.125.0", "https://registry.npmmirror.com/@oxc-parser/binding-android-arm-eabi/-/binding-android-arm-eabi-0.125.0.tgz", { "os": "android", "cpu": "arm" }, "sha512-YfHwPEH8c5XNOlffaAqhsChNOBgmJ7rEgVbxSwAr65KDR0wbpZUBkrSaCClYL4urf0LmwyULrahHMvFAyk/dwA=="],

    "@oxc-parser/binding-android-arm64": ["@oxc-parser/binding-android-arm64@0.125.0", "https://registry.npmmirror.com/@oxc-parser/binding-android-arm64/-/binding-android-arm64-0.125.0.tgz", { "os": "android", "cpu": "arm64" }, "sha512-rh72O8ackqp0HC+3W38oCTkCFmOpXrHRrbP+4xrX8O1UmCWcyb5pIbA/+0ATPGVVl9NcHt/CgqI8rBuw4Y9kMg=="],

    "@oxc-parser/binding-darwin-arm64": ["@oxc-parser/binding-darwin-arm64@0.125.0", "https://registry.npmmirror.com/@oxc-parser/binding-darwin-arm64/-/binding-darwin-arm64-0.125.0.tgz", { "os": "darwin", "cpu": "arm64" }, "sha512-14Q74TMQA/eO0N5dz5Tel25qma9vVJEpmrmqXnx0R7jMXhqFxkSSy40NOtCQijWUfeD5ho5+NuXDl5WSxyifJQ=="],

    "@oxc-parser/binding-darwin-x64": ["@oxc-parser/binding-darwin-x64@0.125.0", "https://registry.npmmirror.com/@oxc-parser/binding-darwin-x64/-/binding-darwin-x64-0.125.0.tgz", { "os": "darwin", "cpu": "x64" }, "sha512-qWQDphAaIS6qXeuYcWm4jta8qFZpjjim2WxiPwZmHi77COS8i0Jct8tBcNIOZ/JaVh+hCL2it228m2Lr9GOL6A=="],

    "@oxc-parser/binding-freebsd-x64": ["@oxc-parser/binding-freebsd-x64@0.125.0", "https://registry.npmmirror.com/@oxc-parser/binding-freebsd-x64/-/binding-freebsd-x64-0.125.0.tgz", { "os": "freebsd", "cpu": "x64" }, "sha512-PTATC/j2MvDP8lejoCC7PFWNoYV2NsVzzM0WgBqZDFAkFdKsW0wfbQWochfY3fHNUN1QhZNetrd/K4Pdo6cIHQ=="],

    "@oxc-parser/binding-linux-arm-gnueabihf": ["@oxc-parser/binding-linux-arm-gnueabihf@0.125.0", "https://registry.npmmirror.com/@oxc-parser/binding-linux-arm-gnueabihf/-/binding-linux-arm-gnueabihf-0.125.0.tgz", { "os": "linux", "cpu": "arm" }, "sha512-Colj5agHBAMKZrkyPcCEelfKuh8sNi1lWpJf1TiEeEmbREQ6I2ytG+ccfdDaiUV7Z0Vw5FyJbnqEPgHo8kF3RQ=="],

    "@oxc-parser/binding-linux-arm-musleabihf": ["@oxc-parser/binding-linux-arm-musleabihf@0.125.0", "https://registry.npmmirror.com/@oxc-parser/binding-linux-arm-musleabihf/-/binding-linux-arm-musleabihf-0.125.0.tgz", { "os": "linux", "cpu": "arm" }, "sha512-BxQ8o082+/qtjAFK6WUV+/bi0y3M0RPvPQNm8JSY7/7LfhbWq6NykgZiGayrtauO1nowpmGlnpJXXMp9q0oT1A=="],

    "@oxc-parser/binding-linux-arm64-gnu": ["@oxc-parser/binding-linux-arm64-gnu@0.125.0", "https://registry.npmmirror.com/@oxc-parser/binding-linux-arm64-gnu/-/binding-linux-arm64-gnu-0.125.0.tgz", { "os": "linux", "cpu": "arm64" }, "sha512-qR0dOth+4whygUwoNnfews8jMC78gjhIBfcy9AFzvxoh7PFGdferRp3KV/4kkeaVk2kOS/5grlAeJevpA+/Pfg=="],

    "@oxc-parser/binding-linux-arm64-musl": ["@oxc-parser/binding-linux-arm64-musl@0.125.0", "https://registry.npmmirror.com/@oxc-parser/binding-linux-arm64-musl/-/binding-linux-arm64-musl-0.125.0.tgz", { "os": "linux", "cpu": "arm64" }, "sha512-eIXyzpA12/+maKjMSsXdHfpzwQcoRfzokT+/ZhVEo6u/9RcXQrZZmZ70MmmJqwVcLez6U4ScjB/eiYlsEs7p0g=="],

    "@oxc-parser/binding-linux-ppc64-gnu": ["@oxc-parser/binding-linux-ppc64-gnu@0.125.0", "https://registry.npmmirror.com/@oxc-parser/binding-linux-ppc64-gnu/-/binding-linux-ppc64-gnu-0.125.0.tgz", { "os": "linux", "cpu": "ppc64" }, "sha512-w7ir5OuqSJUKLadmsSAWwTNso/ZGem2bPT/1LSU7l+ecmKPyegIvU+wzY0ADhZ/t/goaedqyp24SDRxyLxO9zg=="],

    "@oxc-parser/binding-linux-riscv64-gnu": ["@oxc-parser/binding-linux-riscv64-gnu@0.125.0", "https://registry.npmmirror.com/@oxc-parser/binding-linux-riscv64-gnu/-/binding-linux-riscv64-gnu-0.125.0.tgz", { "os": "linux", "cpu": "none" }, "sha512-2KPTfWorcW8RNE8aEMHKbPSjHDBjFVYqg8nSLRBp7pe7VBqHsmkO9jpK8YmaYA5d5GcUy+J++5O4EgxkrQBEtw=="],

    "@oxc-parser/binding-linux-riscv64-musl": ["@oxc-parser/binding-linux-riscv64-musl@0.125.0", "https://registry.npmmirror.com/@oxc-parser/binding-linux-riscv64-musl/-/binding-linux-riscv64-musl-0.125.0.tgz", { "os": "linux", "cpu": "none" }, "sha512-Vsl8dmQdKtDsQiDPHP5VFjXOuVGcZQcziYMkU/yPnlaKHMqoX/q+bxt7K+BwResi9Cc8pnZ6oYGTgPcjAtt5QQ=="],

    "@oxc-parser/binding-linux-s390x-gnu": ["@oxc-parser/binding-linux-s390x-gnu@0.125.0", "https://registry.npmmirror.com/@oxc-parser/binding-linux-s390x-gnu/-/binding-linux-s390x-gnu-0.125.0.tgz", { "os": "linux", "cpu": "s390x" }, "sha512-HwY5kuM818r/kHdHG2TZqzqxyF7fz90prPg85R/2VmgRWk8cMyGZo+8BNZDQAMJ6aGSTRvn2sdGXv3sZ5bsUWw=="],

    "@oxc-parser/binding-linux-x64-gnu": ["@oxc-parser/binding-linux-x64-gnu@0.125.0", "https://registry.npmmirror.com/@oxc-parser/binding-linux-x64-gnu/-/binding-linux-x64-gnu-0.125.0.tgz", { "os": "linux", "cpu": "x64" }, "sha512-o7k6+xAI2pIkjBsCqM0elI4q+qY/3TexH6cpIlGm+nJze1tvx7QEHCKdiy6wnRacFvUYmySEZ5hWFBc9MbxrIA=="],

    "@oxc-parser/binding-linux-x64-musl": ["@oxc-parser/binding-linux-x64-musl@0.125.0", "https://registry.npmmirror.com/@oxc-parser/binding-linux-x64-musl/-/binding-linux-x64-musl-0.125.0.tgz", { "os": "linux", "cpu": "x64" }, "sha512-vksRynFD6vytE1sDZCaeIk6y6rCsq0a18T4kcXbfGHBq2q/qSyDogWLk3A3S3hl/ikNfse7yrEwAuQ8ldIJeAg=="],

    "@oxc-parser/binding-openharmony-arm64": ["@oxc-parser/binding-openharmony-arm64@0.125.0", "https://registry.npmmirror.com/@oxc-parser/binding-openharmony-arm64/-/binding-openharmony-arm64-0.125.0.tgz", { "os": "none", "cpu": "arm64" }, "sha512-AAtg4pnKvrKsay2ldZZRY98ALFBOgbyy3Gyxo658z6aecM0Zr5mI9BOHRCchSVKUHqMqmjhCA4wIdZvz02VrAw=="],

    "@oxc-parser/binding-wasm32-wasi": ["@oxc-parser/binding-wasm32-wasi@0.125.0", "https://registry.npmmirror.com/@oxc-parser/binding-wasm32-wasi/-/binding-wasm32-wasi-0.125.0.tgz", { "dependencies": { "@emnapi/core": "1.9.2", "@emnapi/runtime": "1.9.2", "@napi-rs/wasm-runtime": "^1.1.3" }, "cpu": "none" }, "sha512-FkIQFrwlBXoFsazb9NQpQPP4YI9sWWXUOLkIPYlQb+hPwr+VY6d0B7l26yMBR2ktf2h3qyAMOW6Pd+mX9rtOJg=="],

    "@oxc-parser/binding-win32-arm64-msvc": ["@oxc-parser/binding-win32-arm64-msvc@0.125.0", "https://registry.npmmirror.com/@oxc-parser/binding-win32-arm64-msvc/-/binding-win32-arm64-msvc-0.125.0.tgz", { "os": "win32", "cpu": "arm64" }, "sha512-bi4RY9oktNm3kQ3qRCJgBKtwqSg+mtnt5W9l33rdiTyiXlL8a1LQQy1x7aym/ArHDE+19kSWSr2YDd2ExxzbfQ=="],

    "@oxc-parser/binding-win32-ia32-msvc": ["@oxc-parser/binding-win32-ia32-msvc@0.125.0", "https://registry.npmmirror.com/@oxc-parser/binding-win32-ia32-msvc/-/binding-win32-ia32-msvc-0.125.0.tgz", { "os": "win32", "cpu": "ia32" }, "sha512-ZhvL2vK+9rzjk1US2d2u6NeI1/jtkzsm//ilFac+Kn3klTpJJlKNZwF23CUiAu+B3rdQUbPItm/BHlL6f/5uPA=="],

    "@oxc-parser/binding-win32-x64-msvc": ["@oxc-parser/binding-win32-x64-msvc@0.125.0", "https://registry.npmmirror.com/@oxc-parser/binding-win32-x64-msvc/-/binding-win32-x64-msvc-0.125.0.tgz", { "os": "win32", "cpu": "x64" }, "sha512-P4ywUSCYIg44Y82wF3e0ns1BV1dNn+ZhfjNDwm0FTPtBKXedOCRPrvmjXn7Qb+IDGGHAA68lmDLCjGxuKUwXPw=="],

    "@oxc-project/types": ["@oxc-project/types@0.125.0", "https://registry.npmmirror.com/@oxc-project/types/-/types-0.125.0.tgz", {}, "sha512-s9RKLJbRR+3kEFB3mmJVPWah3cZUAl0Jzmthx6Pb/QXnlNkRwTP75tK4uVahp/ifiiTmNYMXI1+NnGP1rNurXg=="],

    "@oxc-resolver/binding-android-arm-eabi": ["@oxc-resolver/binding-android-arm-eabi@11.19.1", "https://registry.npmmirror.com/@oxc-resolver/binding-android-arm-eabi/-/binding-android-arm-eabi-11.19.1.tgz", { "os": "android", "cpu": "arm" }, "sha512-aUs47y+xyXHUKlbhqHUjBABjvycq6YSD7bpxSW7vplUmdzAlJ93yXY6ZR0c1o1x5A/QKbENCvs3+NlY8IpIVzg=="],

    "@oxc-resolver/binding-android-arm64": ["@oxc-resolver/binding-android-arm64@11.19.1", "https://registry.npmmirror.com/@oxc-resolver/binding-android-arm64/-/binding-android-arm64-11.19.1.tgz", { "os": "android", "cpu": "arm64" }, "sha512-oolbkRX+m7Pq2LNjr/kKgYeC7bRDMVTWPgxBGMjSpZi/+UskVo4jsMU3MLheZV55jL6c3rNelPl4oD60ggYmqA=="],

    "@oxc-resolver/binding-darwin-arm64": ["@oxc-resolver/binding-darwin-arm64@11.19.1", "https://registry.npmmirror.com/@oxc-resolver/binding-darwin-arm64/-/binding-darwin-arm64-11.19.1.tgz", { "os": "darwin", "cpu": "arm64" }, "sha512-nUC6d2i3R5B12sUW4O646qD5cnMXf2oBGPLIIeaRfU9doJRORAbE2SGv4eW6rMqhD+G7nf2Y8TTJTLiiO3Q/dQ=="],

    "@oxc-resolver/binding-darwin-x64": ["@oxc-resolver/binding-darwin-x64@11.19.1", "https://registry.npmmirror.com/@oxc-resolver/binding-darwin-x64/-/binding-darwin-x64-11.19.1.tgz", { "os": "darwin", "cpu": "x64" }, "sha512-cV50vE5+uAgNcFa3QY1JOeKDSkM/9ReIcc/9wn4TavhW/itkDGrXhw9jaKnkQnGbjJ198Yh5nbX/Gr2mr4Z5jQ=="],

    "@oxc-resolver/binding-freebsd-x64": ["@oxc-resolver/binding-freebsd-x64@11.19.1", "https://registry.npmmirror.com/@oxc-resolver/binding-freebsd-x64/-/binding-freebsd-x64-11.19.1.tgz", { "os": "freebsd", "cpu": "x64" }, "sha512-xZOQiYGFxtk48PBKff+Zwoym7ScPAIVp4c14lfLxizO2LTTTJe5sx9vQNGrBymrf/vatSPNMD4FgsaaRigPkqw=="],

    "@oxc-resolver/binding-linux-arm-gnueabihf": ["@oxc-resolver/binding-linux-arm-gnueabihf@11.19.1", "https://registry.npmmirror.com/@oxc-resolver/binding-linux-arm-gnueabihf/-/binding-linux-arm-gnueabihf-11.19.1.tgz", { "os": "linux", "cpu": "arm" }, "sha512-lXZYWAC6kaGe/ky2su94e9jN9t6M0/6c+GrSlCqL//XO1cxi5lpAhnJYdyrKfm0ZEr/c7RNyAx3P7FSBcBd5+A=="],

    "@oxc-resolver/binding-linux-arm-musleabihf": ["@oxc-resolver/binding-linux-arm-musleabihf@11.19.1", "https://registry.npmmirror.com/@oxc-resolver/binding-linux-arm-musleabihf/-/binding-linux-arm-musleabihf-11.19.1.tgz", { "os": "linux", "cpu": "arm" }, "sha512-veG1kKsuK5+t2IsO9q0DErYVSw2azvCVvWHnfTOS73WE0STdLLB7Q1bB9WR+yHPQM76ASkFyRbogWo1GR1+WbQ=="],

    "@oxc-resolver/binding-linux-arm64-gnu": ["@oxc-resolver/binding-linux-arm64-gnu@11.19.1", "https://registry.npmmirror.com/@oxc-resolver/binding-linux-arm64-gnu/-/binding-linux-arm64-gnu-11.19.1.tgz", { "os": "linux", "cpu": "arm64" }, "sha512-heV2+jmXyYnUrpUXSPugqWDRpnsQcDm2AX4wzTuvgdlZfoNYO0O3W2AVpJYaDn9AG4JdM6Kxom8+foE7/BcSig=="],

    "@oxc-resolver/binding-linux-arm64-musl": ["@oxc-resolver/binding-linux-arm64-musl@11.19.1", "https://registry.npmmirror.com/@oxc-resolver/binding-linux-arm64-musl/-/binding-linux-arm64-musl-11.19.1.tgz", { "os": "linux", "cpu": "arm64" }, "sha512-jvo2Pjs1c9KPxMuMPIeQsgu0mOJF9rEb3y3TdpsrqwxRM+AN6/nDDwv45n5ZrUnQMsdBy5gIabioMKnQfWo9ew=="],

    "@oxc-resolver/binding-linux-ppc64-gnu": ["@oxc-resolver/binding-linux-ppc64-gnu@11.19.1", "https://registry.npmmirror.com/@oxc-resolver/binding-linux-ppc64-gnu/-/binding-linux-ppc64-gnu-11.19.1.tgz", { "os": "linux", "cpu": "ppc64" }, "sha512-vLmdNxWCdN7Uo5suays6A/+ywBby2PWBBPXctWPg5V0+eVuzsJxgAn6MMB4mPlshskYbppjpN2Zg83ArHze9gQ=="],

    "@oxc-resolver/binding-linux-riscv64-gnu": ["@oxc-resolver/binding-linux-riscv64-gnu@11.19.1", "https://registry.npmmirror.com/@oxc-resolver/binding-linux-riscv64-gnu/-/binding-linux-riscv64-gnu-11.19.1.tgz", { "os": "linux", "cpu": "none" }, "sha512-/b+WgR+VTSBxzgOhDO7TlMXC1ufPIMR6Vj1zN+/x+MnyXGW7prTLzU9eW85Aj7Th7CCEG9ArCbTeqxCzFWdg2w=="],

    "@oxc-resolver/binding-linux-riscv64-musl": ["@oxc-resolver/binding-linux-riscv64-musl@11.19.1", "https://registry.npmmirror.com/@oxc-resolver/binding-linux-riscv64-musl/-/binding-linux-riscv64-musl-11.19.1.tgz", { "os": "linux", "cpu": "none" }, "sha512-YlRdeWb9j42p29ROh+h4eg/OQ3dTJlpHSa+84pUM9+p6i3djtPz1q55yLJhgW9XfDch7FN1pQ/Vd6YP+xfRIuw=="],

    "@oxc-resolver/binding-linux-s390x-gnu": ["@oxc-resolver/binding-linux-s390x-gnu@11.19.1", "https://registry.npmmirror.com/@oxc-resolver/binding-linux-s390x-gnu/-/binding-linux-s390x-gnu-11.19.1.tgz", { "os": "linux", "cpu": "s390x" }, "sha512-EDpafVOQWF8/MJynsjOGFThcqhRHy417sRyLfQmeiamJ8qVhSKAn2Dn2VVKUGCjVB9C46VGjhNo7nOPUi1x6uA=="],

    "@oxc-resolver/binding-linux-x64-gnu": ["@oxc-resolver/binding-linux-x64-gnu@11.19.1", "https://registry.npmmirror.com/@oxc-resolver/binding-linux-x64-gnu/-/binding-linux-x64-gnu-11.19.1.tgz", { "os": "linux", "cpu": "x64" }, "sha512-NxjZe+rqWhr+RT8/Ik+5ptA3oz7tUw361Wa5RWQXKnfqwSSHdHyrw6IdcTfYuml9dM856AlKWZIUXDmA9kkiBQ=="],

    "@oxc-resolver/binding-linux-x64-musl": ["@oxc-resolver/binding-linux-x64-musl@11.19.1", "https://registry.npmmirror.com/@oxc-resolver/binding-linux-x64-musl/-/binding-linux-x64-musl-11.19.1.tgz", { "os": "linux", "cpu": "x64" }, "sha512-cM/hQwsO3ReJg5kR+SpI69DMfvNCp+A/eVR4b4YClE5bVZwz8rh2Nh05InhwI5HR/9cArbEkzMjcKgTHS6UaNw=="],

    "@oxc-resolver/binding-openharmony-arm64": ["@oxc-resolver/binding-openharmony-arm64@11.19.1", "https://registry.npmmirror.com/@oxc-resolver/binding-openharmony-arm64/-/binding-openharmony-arm64-11.19.1.tgz", { "os": "none", "cpu": "arm64" }, "sha512-QF080IowFB0+9Rh6RcD19bdgh49BpQHUW5TajG1qvWHvmrQznTZZjYlgE2ltLXyKY+qs4F/v5xuX1XS7Is+3qA=="],

    "@oxc-resolver/binding-wasm32-wasi": ["@oxc-resolver/binding-wasm32-wasi@11.19.1", "https://registry.npmmirror.com/@oxc-resolver/binding-wasm32-wasi/-/binding-wasm32-wasi-11.19.1.tgz", { "dependencies": { "@napi-rs/wasm-runtime": "^1.1.1" }, "cpu": "none" }, "sha512-w8UCKhX826cP/ZLokXDS6+milN8y4X7zidsAttEdWlVoamTNf6lhBJldaWr3ukTDiye7s4HRcuPEPOXNC432Vg=="],

    "@oxc-resolver/binding-win32-arm64-msvc": ["@oxc-resolver/binding-win32-arm64-msvc@11.19.1", "https://registry.npmmirror.com/@oxc-resolver/binding-win32-arm64-msvc/-/binding-win32-arm64-msvc-11.19.1.tgz", { "os": "win32", "cpu": "arm64" }, "sha512-nJ4AsUVZrVKwnU/QRdzPCCrO0TrabBqgJ8pJhXITdZGYOV28TIYystV1VFLbQ7DtAcaBHpocT5/ZJnF78YJPtQ=="],

    "@oxc-resolver/binding-win32-ia32-msvc": ["@oxc-resolver/binding-win32-ia32-msvc@11.19.1", "https://registry.npmmirror.com/@oxc-resolver/binding-win32-ia32-msvc/-/binding-win32-ia32-msvc-11.19.1.tgz", { "os": "win32", "cpu": "ia32" }, "sha512-EW+ND5q2Tl+a3pH81l1QbfgbF3HmqgwLfDfVithRFheac8OTcnbXt/JxqD2GbDkb7xYEqy1zNaVFRr3oeG8npA=="],

    "@oxc-resolver/binding-win32-x64-msvc": ["@oxc-resolver/binding-win32-x64-msvc@11.19.1", "https://registry.npmmirror.com/@oxc-resolver/binding-win32-x64-msvc/-/binding-win32-x64-msvc-11.19.1.tgz", { "os": "win32", "cpu": "x64" }, "sha512-6hIU3RQu45B+VNTY4Ru8ppFwjVS/S5qwYyGhBotmjxfEKk41I2DlGtRfGJndZ5+6lneE2pwloqunlOyZuX/XAw=="],

    "@oxc-transform/binding-android-arm-eabi": ["@oxc-transform/binding-android-arm-eabi@0.125.0", "https://registry.npmmirror.com/@oxc-transform/binding-android-arm-eabi/-/binding-android-arm-eabi-0.125.0.tgz", { "os": "android", "cpu": "arm" }, "sha512-GB65R50QSNUUguYjXZkbZweSlQD/4guNmOk0gLR3lh0+3NfB9Zc5KsDQu0usPatjiRKdGC9MoR4Vcjt/O5W4cQ=="],

    "@oxc-transform/binding-android-arm64": ["@oxc-transform/binding-android-arm64@0.125.0", "https://registry.npmmirror.com/@oxc-transform/binding-android-arm64/-/binding-android-arm64-0.125.0.tgz", { "os": "android", "cpu": "arm64" }, "sha512-u0IX/H/LfFk5aG5J5JfeXlNHoZH1kni85K8u3by9WGslPkAevhlrElOH8Fiaj9oDVFpJ7XpUh09Eoibwy7AoEw=="],

    "@oxc-transform/binding-darwin-arm64": ["@oxc-transform/binding-darwin-arm64@0.125.0", "https://registry.npmmirror.com/@oxc-transform/binding-darwin-arm64/-/binding-darwin-arm64-0.125.0.tgz", { "os": "darwin", "cpu": "arm64" }, "sha512-gNZOBrXCIyoulfCiQV7g1dRqWrytXE5ReYOqEC4LgMEovzO9UJgbGFuSu3UI9jBbPGhsPNf99K87k4rrwfD0Pg=="],

    "@oxc-transform/binding-darwin-x64": ["@oxc-transform/binding-darwin-x64@0.125.0", "https://registry.npmmirror.com/@oxc-transform/binding-darwin-x64/-/binding-darwin-x64-0.125.0.tgz", { "os": "darwin", "cpu": "x64" }, "sha512-VTyRbhIMehK5TAoayd7bLxQBIJmkAjq82UvS9CXWqU5q4/QHJGXMRhpq7gJExY5fmDI0wU5wn7TOxRfI+cHVRg=="],

    "@oxc-transform/binding-freebsd-x64": ["@oxc-transform/binding-freebsd-x64@0.125.0", "https://registry.npmmirror.com/@oxc-transform/binding-freebsd-x64/-/binding-freebsd-x64-0.125.0.tgz", { "os": "freebsd", "cpu": "x64" }, "sha512-GVvvPN6qxyMwH0Ni7UrqTLAzevQWR/PqkVSwoUSjSNGZ5cogcs4w+qOzKOfz3TYXk2ZHl8awdJ5C/ZYz94qusA=="],

    "@oxc-transform/binding-linux-arm-gnueabihf": ["@oxc-transform/binding-linux-arm-gnueabihf@0.125.0", "https://registry.npmmirror.com/@oxc-transform/binding-linux-arm-gnueabihf/-/binding-linux-arm-gnueabihf-0.125.0.tgz", { "os": "linux", "cpu": "arm" }, "sha512-l+TZveCuDUtgUiBzFQThrh9pt3eUKVjkBqEe0cT2cMZOXojvAeBin382ewaN59oFb+C32YUXYzlo2kReXRsFBg=="],

    "@oxc-transform/binding-linux-arm-musleabihf": ["@oxc-transform/binding-linux-arm-musleabihf@0.125.0", "https://registry.npmmirror.com/@oxc-transform/binding-linux-arm-musleabihf/-/binding-linux-arm-musleabihf-0.125.0.tgz", { "os": "linux", "cpu": "arm" }, "sha512-c86Z7IRtxHmqBORbhAi2L9S4dWH+UtrxSzLxVnYhJgPiVAjAX9INZiT950a/jlLgRfzXYvL+sRkA/od8R2W+zQ=="],

    "@oxc-transform/binding-linux-arm64-gnu": ["@oxc-transform/binding-linux-arm64-gnu@0.125.0", "https://registry.npmmirror.com/@oxc-transform/binding-linux-arm64-gnu/-/binding-linux-arm64-gnu-0.125.0.tgz", { "os": "linux", "cpu": "arm64" }, "sha512-2rIf4IOlp8OpKO1eQS7zuYx2tXcZD+/03wp61TFXeAtlJFtE4IVjq3oHblnZ2AjuKeJ8jGjWF18XGoc1lg7UQQ=="],

    "@oxc-transform/binding-linux-arm64-musl": ["@oxc-transform/binding-linux-arm64-musl@0.125.0", "https://registry.npmmirror.com/@oxc-transform/binding-linux-arm64-musl/-/binding-linux-arm64-musl-0.125.0.tgz", { "os": "linux", "cpu": "arm64" }, "sha512-SuSv+0BJtIRq6hv5EE77NIiYa/sO+sS88rz4iqZQyF/+OVbU82dXx1O5HxFa4OXtUf5Ydxr27tR6cNeHNJHaGg=="],

    "@oxc-transform/binding-linux-ppc64-gnu": ["@oxc-transform/binding-linux-ppc64-gnu@0.125.0", "https://registry.npmmirror.com/@oxc-transform/binding-linux-ppc64-gnu/-/binding-linux-ppc64-gnu-0.125.0.tgz", { "os": "linux", "cpu": "ppc64" }, "sha512-K5Ia/wvqiO7puwtrj0J12s+PyCyfnEyVMEsUKl+7GaojfbAv1qXkzgSGQZU6xFRj+VDcRFQI6CigUFSqetP0IA=="],

    "@oxc-transform/binding-linux-riscv64-gnu": ["@oxc-transform/binding-linux-riscv64-gnu@0.125.0", "https://registry.npmmirror.com/@oxc-transform/binding-linux-riscv64-gnu/-/binding-linux-riscv64-gnu-0.125.0.tgz", { "os": "linux", "cpu": "none" }, "sha512-1156+HZ9h0jg+zD3ZCz3p31Rxd83JnE1fV2GULGw2nnAwVquKX87om6fdorTTKEPjcIFWRxxpHNcdekm9bpxKg=="],

    "@oxc-transform/binding-linux-riscv64-musl": ["@oxc-transform/binding-linux-riscv64-musl@0.125.0", "https://registry.npmmirror.com/@oxc-transform/binding-linux-riscv64-musl/-/binding-linux-riscv64-musl-0.125.0.tgz", { "os": "linux", "cpu": "none" }, "sha512-d+yS/zoHgCf2fRj95/b9YP3WyQ0ckp9LH+7PhuoQJztI36LfUq1L/cBIevhAhByjaIlbJjzuEJ+YCxoIXv+mOw=="],

    "@oxc-transform/binding-linux-s390x-gnu": ["@oxc-transform/binding-linux-s390x-gnu@0.125.0", "https://registry.npmmirror.com/@oxc-transform/binding-linux-s390x-gnu/-/binding-linux-s390x-gnu-0.125.0.tgz", { "os": "linux", "cpu": "s390x" }, "sha512-1GyUNyVcnaMkl8xpgYzS2tOJ5VcczmK914CHIvqbnuPtwFkQZ5S1yx9J1Vim8D/guH8aCjs5v0m2jaxuh5ojLw=="],

    "@oxc-transform/binding-linux-x64-gnu": ["@oxc-transform/binding-linux-x64-gnu@0.125.0", "https://registry.npmmirror.com/@oxc-transform/binding-linux-x64-gnu/-/binding-linux-x64-gnu-0.125.0.tgz", { "os": "linux", "cpu": "x64" }, "sha512-750jSInxzxVY0Q5zcZCSMuXkVmOqpvb3tx4PVO+iIJt41a8ohs8zCOQJNJUQGirJ6H3c6KNUbQrPpRJ1VRbVTg=="],

    "@oxc-transform/binding-linux-x64-musl": ["@oxc-transform/binding-linux-x64-musl@0.125.0", "https://registry.npmmirror.com/@oxc-transform/binding-linux-x64-musl/-/binding-linux-x64-musl-0.125.0.tgz", { "os": "linux", "cpu": "x64" }, "sha512-YvRcIqm8aQ5ySWJwBGdJrWr6CjgzixbgICSX7Q5YFUDRwHl+T5PEBH6pe6ah0eSr9YbvngmGiTW5NeLaliBiZg=="],

    "@oxc-transform/binding-openharmony-arm64": ["@oxc-transform/binding-openharmony-arm64@0.125.0", "https://registry.npmmirror.com/@oxc-transform/binding-openharmony-arm64/-/binding-openharmony-arm64-0.125.0.tgz", { "os": "none", "cpu": "arm64" }, "sha512-sy7LwhdUOTyooFL6g9A2ZOEV6qGZFdlCNh/UL+NUqYbdaogF9aNiVt6TkO9v12uqe7vqxo/sNogNir/MdLWGzQ=="],

    "@oxc-transform/binding-wasm32-wasi": ["@oxc-transform/binding-wasm32-wasi@0.125.0", "https://registry.npmmirror.com/@oxc-transform/binding-wasm32-wasi/-/binding-wasm32-wasi-0.125.0.tgz", { "dependencies": { "@emnapi/core": "1.9.2", "@emnapi/runtime": "1.9.2", "@napi-rs/wasm-runtime": "^1.1.3" }, "cpu": "none" }, "sha512-4qgEvkOaBTqZyY3GSm3cj9ROPrMVtMco28KCYDnLfvlp31L4JoSQS51iL/Eq0tAOp5amqgUl+//7PuxySlQ9LQ=="],

    "@oxc-transform/binding-win32-arm64-msvc": ["@oxc-transform/binding-win32-arm64-msvc@0.125.0", "https://registry.npmmirror.com/@oxc-transform/binding-win32-arm64-msvc/-/binding-win32-arm64-msvc-0.125.0.tgz", { "os": "win32", "cpu": "arm64" }, "sha512-dQUsxB10NAbUtVfbs7gyY4DLUq2032VG+VY1lrI+nKv+2/9UMx3Kz39AhxcYQMknen5NEr+bbL1JMVaNe+7S8g=="],

    "@oxc-transform/binding-win32-ia32-msvc": ["@oxc-transform/binding-win32-ia32-msvc@0.125.0", "https://registry.npmmirror.com/@oxc-transform/binding-win32-ia32-msvc/-/binding-win32-ia32-msvc-0.125.0.tgz", { "os": "win32", "cpu": "ia32" }, "sha512-wLnb6AAcDmP2GvnUHt+EAe+cfHvoLsbJNDGGcbJjhgdZYM00GXck3zUf5vdZgaXq2VDUFY/mMjsvqgImZ0kWtA=="],

    "@oxc-transform/binding-win32-x64-msvc": ["@oxc-transform/binding-win32-x64-msvc@0.125.0", "https://registry.npmmirror.com/@oxc-transform/binding-win32-x64-msvc/-/binding-win32-x64-msvc-0.125.0.tgz", { "os": "win32", "cpu": "x64" }, "sha512-TTp+v6v3ckRikmcVEI/fEvPc5CO6AXGnRe1P4hruGCELyHX7xohnq02ldi6L3fp8iQXRtxLzddepshQIHP3iUQ=="],

    "@tybys/wasm-util": ["@tybys/wasm-util@0.10.1", "https://registry.npmmirror.com/@tybys/wasm-util/-/wasm-util-0.10.1.tgz", { "dependencies": { "tslib": "^2.4.0" } }, "sha512-9tTaPJLSiejZKx+Bmog4uSubteqTvFrVrURwkmHixBo0G4seD0zUxp98E1DzUBJxLQ3NPwXrGKDiVjwx/DpPsg=="],

    "@types/bun": ["@types/bun@1.3.12", "https://registry.npmmirror.com/@types/bun/-/bun-1.3.12.tgz", { "dependencies": { "bun-types": "1.3.12" } }, "sha512-DBv81elK+/VSwXHDlnH3Qduw+KxkTIWi7TXkAeh24zpi5l0B2kUg9Ga3tb4nJaPcOFswflgi/yAvMVBPrxMB+A=="],

    "@types/node": ["@types/node@25.6.0", "https://registry.npmmirror.com/@types/node/-/node-25.6.0.tgz", { "dependencies": { "undici-types": "~7.19.0" } }, "sha512-+qIYRKdNYJwY3vRCZMdJbPLJAtGjQBudzZzdzwQYkEPQd+PJGixUL5QfvCLDaULoLv+RhT3LDkwEfKaAkgSmNQ=="],

    "acorn": ["acorn@8.16.0", "https://registry.npmmirror.com/acorn/-/acorn-8.16.0.tgz", { "bin": { "acorn": "bin/acorn" } }, "sha512-UVJyE9MttOsBQIDKw1skb9nAwQuR5wuGD3+82K6JgJlm/Y+KI92oNsMNGZCYdDsVtRHSak0pcV5Dno5+4jh9sw=="],

    "bun-types": ["bun-types@1.3.12", "https://registry.npmmirror.com/bun-types/-/bun-types-1.3.12.tgz", { "dependencies": { "@types/node": "*" } }, "sha512-HqOLj5PoFajAQciOMRiIZGNoKxDJSr6qigAttOX40vJuSp6DN/CxWp9s3C1Xwm4oH7ybueITwiaOcWXoYVoRkA=="],

    "c12": ["c12@4.0.0-beta.4", "https://registry.npmmirror.com/c12/-/c12-4.0.0-beta.4.tgz", { "dependencies": { "confbox": "^0.2.4", "defu": "^6.1.4", "exsolve": "^1.0.8", "pathe": "^2.0.3", "pkg-types": "^2.3.0", "rc9": "^3.0.0" }, "peerDependencies": { "chokidar": "^5", "dotenv": "*", "giget": "*", "jiti": "*", "magicast": "*" }, "optionalPeers": ["chokidar", "dotenv", "giget", "jiti", "magicast"] }, "sha512-gcWQAloC/SwGx4U7l3iQdalUQQLLXwYS1d3SqIwFj4UUrTXh8L9yGkBcA00B0gxELMwbxtsrt6VrAxtSgqZZoA=="],

    "citty": ["citty@0.2.1", "https://registry.npmmirror.com/citty/-/citty-0.2.1.tgz", {}, "sha512-kEV95lFBhQgtogAPlQfJJ0WGVSokvLr/UEoFPiKKOXF7pl98HfUVUD0ejsuTCld/9xH9vogSywZ5KqHzXrZpqg=="],

    "confbox": ["confbox@0.2.4", "https://registry.npmmirror.com/confbox/-/confbox-0.2.4.tgz", {}, "sha512-ysOGlgTFbN2/Y6Cg3Iye8YKulHw+R2fNXHrgSmXISQdMnomY6eNDprVdW9R5xBguEqI954+S6709UyiO7B+6OQ=="],

    "consola": ["consola@3.4.2", "https://registry.npmmirror.com/consola/-/consola-3.4.2.tgz", {}, "sha512-5IKcdX0nnYavi6G7TtOhwkYzyjfJlatbjMjuLSfE2kYT5pMDOilZ4OvMhi637CcDICTmz3wARPoyhqyX1Y+XvA=="],

    "defu": ["defu@6.1.4", "https://registry.npmmirror.com/defu/-/defu-6.1.4.tgz", {}, "sha512-mEQCMmwJu317oSz8CwdIOdwf3xMif1ttiM8LTufzc3g6kR+9Pe236twL8j3IYT1F7GfRgGcW6MWxzZjLIkuHIg=="],

    "destr": ["destr@2.0.5", "https://registry.npmmirror.com/destr/-/destr-2.0.5.tgz", {}, "sha512-ugFTXCtDZunbzasqBxrK93Ik/DRYsO6S/fedkWEMKqt04xZ4csmnmwGDBAb07QWNaGMAmnTIemsYZCksjATwsA=="],

    "exsolve": ["exsolve@1.0.8", "https://registry.npmmirror.com/exsolve/-/exsolve-1.0.8.tgz", {}, "sha512-LmDxfWXwcTArk8fUEnOfSZpHOJ6zOMUJKOtFLFqJLoKJetuQG874Uc7/Kki7zFLzYybmZhp1M7+98pfMqeX8yA=="],

    "fflate": ["fflate@0.8.2", "https://registry.npmmirror.com/fflate/-/fflate-0.8.2.tgz", {}, "sha512-cPJU47OaAoCbg0pBvzsgpTPhmhqI5eJjh/JIu8tPj5q+T7iLvW/JAYUqmE7KOB4R1ZyEhzBaIQpQpardBF5z8A=="],

    "magic-string": ["magic-string@0.30.21", "https://registry.npmmirror.com/magic-string/-/magic-string-0.30.21.tgz", { "dependencies": { "@jridgewell/sourcemap-codec": "^1.5.5" } }, "sha512-vd2F4YUyEXKGcLHoq+TEyCjxueSeHnFxyyjNp80yg0XV4vUhnDer/lvvlqM/arB5bXQN5K2/3oinyCRyx8T2CQ=="],

    "obug": ["obug@2.1.1", "https://registry.npmmirror.com/obug/-/obug-2.1.1.tgz", {}, "sha512-uTqF9MuPraAQ+IsnPf366RG4cP9RtUi7MLO1N3KEc+wb0a6yKpeL0lmk2IB1jY5KHPAlTc6T/JRdC/YqxHNwkQ=="],

    "oxc-minify": ["oxc-minify@0.125.0", "https://registry.npmmirror.com/oxc-minify/-/oxc-minify-0.125.0.tgz", { "optionalDependencies": { "@oxc-minify/binding-android-arm-eabi": "0.125.0", "@oxc-minify/binding-android-arm64": "0.125.0", "@oxc-minify/binding-darwin-arm64": "0.125.0", "@oxc-minify/binding-darwin-x64": "0.125.0", "@oxc-minify/binding-freebsd-x64": "0.125.0", "@oxc-minify/binding-linux-arm-gnueabihf": "0.125.0", "@oxc-minify/binding-linux-arm-musleabihf": "0.125.0", "@oxc-minify/binding-linux-arm64-gnu": "0.125.0", "@oxc-minify/binding-linux-arm64-musl": "0.125.0", "@oxc-minify/binding-linux-ppc64-gnu": "0.125.0", "@oxc-minify/binding-linux-riscv64-gnu": "0.125.0", "@oxc-minify/binding-linux-riscv64-musl": "0.125.0", "@oxc-minify/binding-linux-s390x-gnu": "0.125.0", "@oxc-minify/binding-linux-x64-gnu": "0.125.0", "@oxc-minify/binding-linux-x64-musl": "0.125.0", "@oxc-minify/binding-openharmony-arm64": "0.125.0", "@oxc-minify/binding-wasm32-wasi": "0.125.0", "@oxc-minify/binding-win32-arm64-msvc": "0.125.0", "@oxc-minify/binding-win32-ia32-msvc": "0.125.0", "@oxc-minify/binding-win32-x64-msvc": "0.125.0" } }, "sha512-xOmqaUG+zxCEq98fsEnLODO05HmnyQM4tkwKFKtELfHCZFOAoI9U4x8hdNeeWQvrVb/BXu6cr8zPbhixRYo3tA=="],

    "oxc-parser": ["oxc-parser@0.125.0", "https://registry.npmmirror.com/oxc-parser/-/oxc-parser-0.125.0.tgz", { "dependencies": { "@oxc-project/types": "^0.125.0" }, "optionalDependencies": { "@oxc-parser/binding-android-arm-eabi": "0.125.0", "@oxc-parser/binding-android-arm64": "0.125.0", "@oxc-parser/binding-darwin-arm64": "0.125.0", "@oxc-parser/binding-darwin-x64": "0.125.0", "@oxc-parser/binding-freebsd-x64": "0.125.0", "@oxc-parser/binding-linux-arm-gnueabihf": "0.125.0", "@oxc-parser/binding-linux-arm-musleabihf": "0.125.0", "@oxc-parser/binding-linux-arm64-gnu": "0.125.0", "@oxc-parser/binding-linux-arm64-musl": "0.125.0", "@oxc-parser/binding-linux-ppc64-gnu": "0.125.0", "@oxc-parser/binding-linux-riscv64-gnu": "0.125.0", "@oxc-parser/binding-linux-riscv64-musl": "0.125.0", "@oxc-parser/binding-linux-s390x-gnu": "0.125.0", "@oxc-parser/binding-linux-x64-gnu": "0.125.0", "@oxc-parser/binding-linux-x64-musl": "0.125.0", "@oxc-parser/binding-openharmony-arm64": "0.125.0", "@oxc-parser/binding-wasm32-wasi": "0.125.0", "@oxc-parser/binding-win32-arm64-msvc": "0.125.0", "@oxc-parser/binding-win32-ia32-msvc": "0.125.0", "@oxc-parser/binding-win32-x64-msvc": "0.125.0" } }, "sha512-6M0gEDDVMGGy+Ckg/mlLh4PL87sfKRMlkQJTVTxdcEREwDa4usWjM9n4jC6Jxa5+nc3YlZTecUs4hHjoTVWKaw=="],

    "oxc-resolver": ["oxc-resolver@11.19.1", "https://registry.npmmirror.com/oxc-resolver/-/oxc-resolver-11.19.1.tgz", { "optionalDependencies": { "@oxc-resolver/binding-android-arm-eabi": "11.19.1", "@oxc-resolver/binding-android-arm64": "11.19.1", "@oxc-resolver/binding-darwin-arm64": "11.19.1", "@oxc-resolver/binding-darwin-x64": "11.19.1", "@oxc-resolver/binding-freebsd-x64": "11.19.1", "@oxc-resolver/binding-linux-arm-gnueabihf": "11.19.1", "@oxc-resolver/binding-linux-arm-musleabihf": "11.19.1", "@oxc-resolver/binding-linux-arm64-gnu": "11.19.1", "@oxc-resolver/binding-linux-arm64-musl": "11.19.1", "@oxc-resolver/binding-linux-ppc64-gnu": "11.19.1", "@oxc-resolver/binding-linux-riscv64-gnu": "11.19.1", "@oxc-resolver/binding-linux-riscv64-musl": "11.19.1", "@oxc-resolver/binding-linux-s390x-gnu": "11.19.1", "@oxc-resolver/binding-linux-x64-gnu": "11.19.1", "@oxc-resolver/binding-linux-x64-musl": "11.19.1", "@oxc-resolver/binding-openharmony-arm64": "11.19.1", "@oxc-resolver/binding-wasm32-wasi": "11.19.1", "@oxc-resolver/binding-win32-arm64-msvc": "11.19.1", "@oxc-resolver/binding-win32-ia32-msvc": "11.19.1", "@oxc-resolver/binding-win32-x64-msvc": "11.19.1" } }, "sha512-qE/CIg/spwrTBFt5aKmwe3ifeDdLfA2NESN30E42X/lII5ClF8V7Wt6WIJhcGZjp0/Q+nQ+9vgxGk//xZNX2hg=="],

    "oxc-transform": ["oxc-transform@0.125.0", "https://registry.npmmirror.com/oxc-transform/-/oxc-transform-0.125.0.tgz", { "optionalDependencies": { "@oxc-transform/binding-android-arm-eabi": "0.125.0", "@oxc-transform/binding-android-arm64": "0.125.0", "@oxc-transform/binding-darwin-arm64": "0.125.0", "@oxc-transform/binding-darwin-x64": "0.125.0", "@oxc-transform/binding-freebsd-x64": "0.125.0", "@oxc-transform/binding-linux-arm-gnueabihf": "0.125.0", "@oxc-transform/binding-linux-arm-musleabihf": "0.125.0", "@oxc-transform/binding-linux-arm64-gnu": "0.125.0", "@oxc-transform/binding-linux-arm64-musl": "0.125.0", "@oxc-transform/binding-linux-ppc64-gnu": "0.125.0", "@oxc-transform/binding-linux-riscv64-gnu": "0.125.0", "@oxc-transform/binding-linux-riscv64-musl": "0.125.0", "@oxc-transform/binding-linux-s390x-gnu": "0.125.0", "@oxc-transform/binding-linux-x64-gnu": "0.125.0", "@oxc-transform/binding-linux-x64-musl": "0.125.0", "@oxc-transform/binding-openharmony-arm64": "0.125.0", "@oxc-transform/binding-wasm32-wasi": "0.125.0", "@oxc-transform/binding-win32-arm64-msvc": "0.125.0", "@oxc-transform/binding-win32-ia32-msvc": "0.125.0", "@oxc-transform/binding-win32-x64-msvc": "0.125.0" } }, "sha512-HjUPJQ8oQ4PwWZr2kI7VX6VOqDATVynYrUTj2g6INLn5mKmpA1zD3/ll9i9bW8zPEvDMw/9poqzhBj5mFgdFYw=="],

    "pathe": ["pathe@2.0.3", "https://registry.npmmirror.com/pathe/-/pathe-2.0.3.tgz", {}, "sha512-WUjGcAqP1gQacoQe+OBJsFA7Ld4DyXuUIjZ5cc75cLHvJ7dtNsTugphxIADwspS+AraAUePCKrSVtPLFj/F88w=="],

    "picomatch": ["picomatch@4.0.4", "https://registry.npmmirror.com/picomatch/-/picomatch-4.0.4.tgz", {}, "sha512-QP88BAKvMam/3NxH6vj2o21R6MjxZUAd6nlwAS/pnGvN9IVLocLHxGYIzFhg6fUQ+5th6P4dv4eW9jX3DSIj7A=="],

    "pkg-types": ["pkg-types@2.3.0", "https://registry.npmmirror.com/pkg-types/-/pkg-types-2.3.0.tgz", { "dependencies": { "confbox": "^0.2.2", "exsolve": "^1.0.7", "pathe": "^2.0.3" } }, "sha512-SIqCzDRg0s9npO5XQ3tNZioRY1uK06lA41ynBC1YmFTmnY6FjUjVt6s4LoADmwoig1qqD0oK8h1p/8mlMx8Oig=="],

    "pretty-bytes": ["pretty-bytes@7.1.0", "https://registry.npmmirror.com/pretty-bytes/-/pretty-bytes-7.1.0.tgz", {}, "sha512-nODzvTiYVRGRqAOvE84Vk5JDPyyxsVk0/fbA/bq7RqlnhksGpset09XTxbpvLTIjoaF7K8Z8DG8yHtKGTPSYRw=="],

    "rc9": ["rc9@3.0.1", "https://registry.npmmirror.com/rc9/-/rc9-3.0.1.tgz", { "dependencies": { "defu": "^6.1.6", "destr": "^2.0.5" } }, "sha512-gMDyleLWVE+i6Sgtc0QbbY6pEKqYs97NGi6isHQPqYlLemPoO8dxQ3uGi0f4NiP98c+jMW6cG1Kx9dDwfvqARQ=="],

    "tslib": ["tslib@2.8.1", "https://registry.npmmirror.com/tslib/-/tslib-2.8.1.tgz", {}, "sha512-oJFu94HQb+KVduSUQL7wnpmqnfmLsOA/nAh6b6EH0wCEoK0/mPeXU6c3wKDV83MkOuHPRHtSXKKU99IBazS/2w=="],

    "typescript": ["typescript@5.9.3", "https://registry.npmmirror.com/typescript/-/typescript-5.9.3.tgz", { "bin": { "tsc": "bin/tsc", "tsserver": "bin/tsserver" } }, "sha512-jl1vZzPDinLr9eUt3J/t7V6FgNEw9QjvBPdysz9KfQDD41fQrC2Y4vKQdiaUpFT4bXlb1RHhLpp8wtm6M5TgSw=="],

    "undici-types": ["undici-types@7.19.2", "https://registry.npmmirror.com/undici-types/-/undici-types-7.19.2.tgz", {}, "sha512-qYVnV5OEm2AW8cJMCpdV20CDyaN3g0AjDlOGf1OW4iaDEx8MwdtChUp4zu4H0VP3nDRF/8RKWH+IPp9uW0YGZg=="],

    "unplugin": ["unplugin@2.3.11", "https://registry.npmmirror.com/unplugin/-/unplugin-2.3.11.tgz", { "dependencies": { "@jridgewell/remapping": "^2.3.5", "acorn": "^8.15.0", "picomatch": "^4.0.3", "webpack-virtual-modules": "^0.6.2" } }, "sha512-5uKD0nqiYVzlmCRs01Fhs2BdkEgBS3SAVP6ndrBsuK42iC2+JHyxM05Rm9G8+5mkmRtzMZGY8Ct5+mliZxU/Ww=="],

    "unplugin-isolated-decl": ["unplugin-isolated-decl@0.15.7", "https://registry.npmmirror.com/unplugin-isolated-decl/-/unplugin-isolated-decl-0.15.7.tgz", { "dependencies": { "magic-string": "^0.30.21", "obug": "^2.1.1", "oxc-parser": ">=0.103.0", "oxc-transform": ">=0.103.0", "unplugin": "^2.3.11", "unplugin-utils": "^0.3.1" }, "peerDependencies": { "@swc/core": "^1.6.6", "typescript": "^5.5.2" }, "optionalPeers": ["@swc/core", "typescript"] }, "sha512-JrQGKO9HFvnnt7atd0PBoRLgZAKn66Qa2vKPebMhN5b/kzfuyLVSKKw+9DrcyPZ5PGobcg5SLWlAXq686SfnXw=="],

    "unplugin-oxc": ["unplugin-oxc@0.6.0", "https://registry.npmmirror.com/unplugin-oxc/-/unplugin-oxc-0.6.0.tgz", { "dependencies": { "oxc-minify": ">=0.116.0", "oxc-resolver": "^11.19.1", "oxc-transform": ">=0.116.0", "unplugin": "^3.0.0" }, "peerDependencies": { "unloader": "*" }, "optionalPeers": ["unloader"] }, "sha512-We923+FI6TZWFKNKkF5CXP/Mm629zLj90KPcYkcOfXa6lVz2D+1QdVkpcE86ZMxBOYr23As0Vqvhdy1Pcuangw=="],

    "unplugin-utils": ["unplugin-utils@0.3.1", "https://registry.npmmirror.com/unplugin-utils/-/unplugin-utils-0.3.1.tgz", { "dependencies": { "pathe": "^2.0.3", "picomatch": "^4.0.3" } }, "sha512-5lWVjgi6vuHhJ526bI4nlCOmkCIF3nnfXkCMDeMJrtdvxTs6ZFCM8oNufGTsDbKv/tJ/xj8RpvXjRuPBZJuJog=="],

    "webpack-virtual-modules": ["webpack-virtual-modules@0.6.2", "https://registry.npmmirror.com/webpack-virtual-modules/-/webpack-virtual-modules-0.6.2.tgz", {}, "sha512-66/V2i5hQanC51vBQKPH4aI8NMAcBW59FVBs+rC7eGHupMyfn34q7rZIE+ETlJ+XTevqfUhVVBgSUNSW2flEUQ=="],

    "rc9/defu": ["defu@6.1.7", "https://registry.npmmirror.com/defu/-/defu-6.1.7.tgz", {}, "sha512-7z22QmUWiQ/2d0KkdYmANbRUVABpZ9SNYyH5vx6PZ+nE5bcC0l7uFvEfHlyld/HcGBFTL536ClDt3DEcSlEJAQ=="],

    "unplugin-oxc/unplugin": ["unplugin@3.0.0", "https://registry.npmmirror.com/unplugin/-/unplugin-3.0.0.tgz", { "dependencies": { "@jridgewell/remapping": "^2.3.5", "picomatch": "^4.0.3", "webpack-virtual-modules": "^0.6.2" } }, "sha512-0Mqk3AT2TZCXWKdcoaufeXNukv2mTrEZExeXlHIOZXdqYoHHr4n51pymnwV8x2BOVxwXbK2HLlI7usrqMpycdg=="],
  }
}
